
Microsoft Visual Studio Solution File, Format Version 12.00
# Visual Studio 15
VisualStudioVersion = 15.0.27428.2002
MinimumVisualStudioVersion = 10.0.40219.1
Project("{FAE04EC0-301F-11D3-BF4B-00C04F79EFBC}") = "AGaribay_Project07", "Project07_agaribay\AGaribay_Project07.csproj", "{6E689C5E-0A6C-45CF-8C79-9E53EA750595}"
EndProject
Global
	GlobalSection(SolutionConfigurationPlatforms) = preSolution
		Debug|Any CPU = Debug|Any CPU
		Release|Any CPU = Release|Any CPU
	EndGlobalSection
	GlobalSection(ProjectConfigurationPlatforms) = postSolution
		{6E689C5E-0A6C-45CF-8C79-9E53EA750595}.Debug|Any CPU.ActiveCfg = Debug|Any CPU
		{6E689C5E-0A6C-45CF-8C79-9E53EA750595}.Debug|Any CPU.Build.0 = Debug|Any CPU
		{6E689C5E-0A6C-45CF-8C79-9E53EA750595}.Release|Any CPU.ActiveCfg = Release|Any CPU
		{6E689C5E-0A6C-45CF-8C79-9E53EA750595}.Release|Any CPU.Build.0 = Release|Any CPU
	EndGlobalSection
	GlobalSection(SolutionProperties) = preSolution
		HideSolutionNode = FALSE
	EndGlobalSection
	GlobalSection(ExtensibilityGlobals) = postSolution
		SolutionGuid = {8CBFB04A-FF25-4F23-8CFD-18FE46AA7BD0}
	EndGlobalSection
EndGlobal
